
Microsoft Visual Studio Solution File, Format Version 12.00
# Visual Studio Version 17
VisualStudioVersion = 17.4.33205.214
MinimumVisualStudioVersion = 10.0.40219.1
Project("{FAE04EC0-301F-11D3-BF4B-00C04F79EFBC}") = "SmartComputer_Admin", "SmartComputer_Admin\SmartComputer_Admin.csproj", "{45B6779D-8B77-44B5-9FB1-6DA7D32C121A}"
EndProject
Project("{FAE04EC0-301F-11D3-BF4B-00C04F79EFBC}") = "BusinessLayer", "BusinessLayer\BusinessLayer.csproj", "{970CB80B-2865-4D68-8DAC-F0F2A2C85480}"
EndProject
Project("{FAE04EC0-301F-11D3-BF4B-00C04F79EFBC}") = "EntityLayer", "EntityLayer\EntityLayer.csproj", "{6075CABE-43DA-4212-A10A-34266AD6AE31}"
EndProject
Project("{FAE04EC0-301F-11D3-BF4B-00C04F79EFBC}") = "DAL", "DAL\DAL.csproj", "{C8ACFE0D-C979-42D1-BEB3-B8914FE18126}"
EndProject
Global
	GlobalSection(SolutionConfigurationPlatforms) = preSolution
		Debug|Any CPU = Debug|Any CPU
		Release|Any CPU = Release|Any CPU
	EndGlobalSection
	GlobalSection(ProjectConfigurationPlatforms) = postSolution
		{45B6779D-8B77-44B5-9FB1-6DA7D32C121A}.Debug|Any CPU.ActiveCfg = Debug|Any CPU
		{45B6779D-8B77-44B5-9FB1-6DA7D32C121A}.Debug|Any CPU.Build.0 = Debug|Any CPU
		{45B6779D-8B77-44B5-9FB1-6DA7D32C121A}.Release|Any CPU.ActiveCfg = Release|Any CPU
		{45B6779D-8B77-44B5-9FB1-6DA7D32C121A}.Release|Any CPU.Build.0 = Release|Any CPU
		{970CB80B-2865-4D68-8DAC-F0F2A2C85480}.Debug|Any CPU.ActiveCfg = Debug|Any CPU
		{970CB80B-2865-4D68-8DAC-F0F2A2C85480}.Debug|Any CPU.Build.0 = Debug|Any CPU
		{970CB80B-2865-4D68-8DAC-F0F2A2C85480}.Release|Any CPU.ActiveCfg = Release|Any CPU
		{970CB80B-2865-4D68-8DAC-F0F2A2C85480}.Release|Any CPU.Build.0 = Release|Any CPU
		{6075CABE-43DA-4212-A10A-34266AD6AE31}.Debug|Any CPU.ActiveCfg = Debug|Any CPU
		{6075CABE-43DA-4212-A10A-34266AD6AE31}.Debug|Any CPU.Build.0 = Debug|Any CPU
		{6075CABE-43DA-4212-A10A-34266AD6AE31}.Release|Any CPU.ActiveCfg = Release|Any CPU
		{6075CABE-43DA-4212-A10A-34266AD6AE31}.Release|Any CPU.Build.0 = Release|Any CPU
		{C8ACFE0D-C979-42D1-BEB3-B8914FE18126}.Debug|Any CPU.ActiveCfg = Debug|Any CPU
		{C8ACFE0D-C979-42D1-BEB3-B8914FE18126}.Debug|Any CPU.Build.0 = Debug|Any CPU
		{C8ACFE0D-C979-42D1-BEB3-B8914FE18126}.Release|Any CPU.ActiveCfg = Release|Any CPU
		{C8ACFE0D-C979-42D1-BEB3-B8914FE18126}.Release|Any CPU.Build.0 = Release|Any CPU
	EndGlobalSection
	GlobalSection(SolutionProperties) = preSolution
		HideSolutionNode = FALSE
	EndGlobalSection
	GlobalSection(ExtensibilityGlobals) = postSolution
		SolutionGuid = {AFE9DD5C-4343-4CCE-9C56-C1E7EC1C538D}
	EndGlobalSection
EndGlobal
